
Microsoft Visual Studio Solution File, Format Version 12.00
# Visual Studio Version 16
VisualStudioVersion = 16.0.30907.101
MinimumVisualStudioVersion = 10.0.40219.1
Project("{FAE04EC0-301F-11D3-BF4B-00C04F79EFBC}") = "ToucheMVCProject", "ToucheMVCProject\ToucheMVCProject.csproj", "{1D289D43-E41F-441A-BCED-33CE897D01E5}"
EndProject
Global
	GlobalSection(SolutionConfigurationPlatforms) = preSolution
		Debug|Any CPU = Debug|Any CPU
		Release|Any CPU = Release|Any CPU
	EndGlobalSection
	GlobalSection(ProjectConfigurationPlatforms) = postSolution
		{1D289D43-E41F-441A-BCED-33CE897D01E5}.Debug|Any CPU.ActiveCfg = Debug|Any CPU
		{1D289D43-E41F-441A-BCED-33CE897D01E5}.Debug|Any CPU.Build.0 = Debug|Any CPU
		{1D289D43-E41F-441A-BCED-33CE897D01E5}.Release|Any CPU.ActiveCfg = Release|Any CPU
		{1D289D43-E41F-441A-BCED-33CE897D01E5}.Release|Any CPU.Build.0 = Release|Any CPU
	EndGlobalSection
	GlobalSection(SolutionProperties) = preSolution
		HideSolutionNode = FALSE
	EndGlobalSection
	GlobalSection(ExtensibilityGlobals) = postSolution
		SolutionGuid = {C4568140-13C7-4330-B3F2-030F4AC93A0C}
	EndGlobalSection
EndGlobal
